// !$*UTF8*$!
{
	archiveVersion = 1;
	classes = {
	};
	objectVersion = 55;
	objects = {

/* Begin PBXBuildFile section */
		46BDC4372732521200B489C1 /* APIController.framework in Frameworks */ = {isa = PBXBuildFile; fileRef = 46BDC42E2732521200B489C1 /* APIController.framework */; };
		46BDC4472732523300B489C1 /* SingletonAPIController.swift in Sources */ = {isa = PBXBuildFile; fileRef = 46BDC4462732523300B489C1 /* SingletonAPIController.swift */; };
		46BDC4492732526900B489C1 /* SingletonAPIControllerTest.swift in Sources */ = {isa = PBXBuildFile; fileRef = 46BDC4482732526900B489C1 /* SingletonAPIControllerTest.swift */; };
		46BDC44B27325D6300B489C1 /* MutableGlobalStapeAPIController.swift in Sources */ = {isa = PBXBuildFile; fileRef = 46BDC44A27325D6300B489C1 /* MutableGlobalStapeAPIController.swift */; };
		46BDC44D27325DBE00B489C1 /* MutableGlobalStateAPIControllerTest.swift in Sources */ = {isa = PBXBuildFile; fileRef = 46BDC44C27325DBE00B489C1 /* MutableGlobalStateAPIControllerTest.swift */; };
		46BDC4512732627C00B489C1 /* ProtocolAPIControllerTest.swift in Sources */ = {isa = PBXBuildFile; fileRef = 46BDC4502732627C00B489C1 /* ProtocolAPIControllerTest.swift */; };
		46BDC453273262B000B489C1 /* ProtocolAPIController.swift in Sources */ = {isa = PBXBuildFile; fileRef = 46BDC452273262B000B489C1 /* ProtocolAPIController.swift */; };
/* End PBXBuildFile section */

/* Begin PBXContainerItemProxy section */
		46BDC4382732521200B489C1 /* PBXContainerItemProxy */ = {
			isa = PBXContainerItemProxy;
			containerPortal = 46BDC4252732521200B489C1 /* Project object */;
			proxyType = 1;
			remoteGlobalIDString = 46BDC42D2732521200B489C1;
			remoteInfo = APIController;
		};
/* End PBXContainerItemProxy section */

/* Begin PBXFileReference section */
		46BDC42E2732521200B489C1 /* APIController.framework */ = {isa = PBXFileReference; explicitFileType = wrapper.framework; includeInIndex = 0; path = APIController.framework; sourceTree = BUILT_PRODUCTS_DIR; };
		46BDC4362732521200B489C1 /* APIControllerTests.xctest */ = {isa = PBXFileReference; explicitFileType = wrapper.cfbundle; includeInIndex = 0; path = APIControllerTests.xctest; sourceTree = BUILT_PRODUCTS_DIR; };
		46BDC4462732523300B489C1 /* SingletonAPIController.swift */ = {isa = PBXFileReference; lastKnownFileType = sourcecode.swift; path = SingletonAPIController.swift; sourceTree = "<group>"; };
		46BDC4482732526900B489C1 /* SingletonAPIControllerTest.swift */ = {isa = PBXFileReference; lastKnownFileType = sourcecode.swift; path = SingletonAPIControllerTest.swift; sourceTree = "<group>"; };
		46BDC44A27325D6300B489C1 /* MutableGlobalStapeAPIController.swift */ = {isa = PBXFileReference; lastKnownFileType = sourcecode.swift; path = MutableGlobalStapeAPIController.swift; sourceTree = "<group>"; };
		46BDC44C27325DBE00B489C1 /* MutableGlobalStateAPIControllerTest.swift */ = {isa = PBXFileReference; lastKnownFileType = sourcecode.swift; path = MutableGlobalStateAPIControllerTest.swift; sourceTree = "<group>"; };
		46BDC4502732627C00B489C1 /* ProtocolAPIControllerTest.swift */ = {isa = PBXFileReference; lastKnownFileType = sourcecode.swift; path = ProtocolAPIControllerTest.swift; sourceTree = "<group>"; };
		46BDC452273262B000B489C1 /* ProtocolAPIController.swift */ = {isa = PBXFileReference; lastKnownFileType = sourcecode.swift; path = ProtocolAPIController.swift; sourceTree = "<group>"; };
/* End PBXFileReference section */

/* Begin PBXFrameworksBuildPhase section */
		46BDC42B2732521200B489C1 /* Frameworks */ = {
			isa = PBXFrameworksBuildPhase;
			buildActionMask = 2147483647;
			files = (
			);
			runOnlyForDeploymentPostprocessing = 0;
		};
		46BDC4332732521200B489C1 /* Frameworks */ = {
			isa = PBXFrameworksBuildPhase;
			buildActionMask = 2147483647;
			files = (
				46BDC4372732521200B489C1 /* APIController.framework in Frameworks */,
			);
			runOnlyForDeploymentPostprocessing = 0;
		};
/* End PBXFrameworksBuildPhase section */

/* Begin PBXGroup section */
		46BDC4242732521200B489C1 = {
			isa = PBXGroup;
			children = (
				46BDC4302732521200B489C1 /* APIController */,
				46BDC43A2732521200B489C1 /* APIControllerTests */,
				46BDC42F2732521200B489C1 /* Products */,
			);
			sourceTree = "<group>";
		};
		46BDC42F2732521200B489C1 /* Products */ = {
			isa = PBXGroup;
			children = (
				46BDC42E2732521200B489C1 /* APIController.framework */,
				46BDC4362732521200B489C1 /* APIControllerTests.xctest */,
			);
			name = Products;
			sourceTree = "<group>";
		};
		46BDC4302732521200B489C1 /* APIController */ = {
			isa = PBXGroup;
			children = (
				46BDC456273264A400B489C1 /* Singleton */,
				46BDC4542732649600B489C1 /* Mutable Global State */,
				46BDC459273264B500B489C1 /* Protocol */,
			);
			path = APIController;
			sourceTree = "<group>";
		};
		46BDC43A2732521200B489C1 /* APIControllerTests */ = {
			isa = PBXGroup;
			children = (
				46BDC457273264AA00B489C1 /* Singleton */,
				46BDC4552732649F00B489C1 /* Mutable Global State */,
				46BDC458273264AE00B489C1 /* Protocol */,
			);
			path = APIControllerTests;
			sourceTree = "<group>";
		};
		46BDC4542732649600B489C1 /* Mutable Global State */ = {
			isa = PBXGroup;
			children = (
				46BDC44A27325D6300B489C1 /* MutableGlobalStapeAPIController.swift */,
			);
			path = "Mutable Global State";
			sourceTree = "<group>";
		};
		46BDC4552732649F00B489C1 /* Mutable Global State */ = {
			isa = PBXGroup;
			children = (
				46BDC44C27325DBE00B489C1 /* MutableGlobalStateAPIControllerTest.swift */,
			);
			path = "Mutable Global State";
			sourceTree = "<group>";
		};
		46BDC456273264A400B489C1 /* Singleton */ = {
			isa = PBXGroup;
			children = (
				46BDC4462732523300B489C1 /* SingletonAPIController.swift */,
			);
			path = Singleton;
			sourceTree = "<group>";
		};
		46BDC457273264AA00B489C1 /* Singleton */ = {
			isa = PBXGroup;
			children = (
				46BDC4482732526900B489C1 /* SingletonAPIControllerTest.swift */,
			);
			path = Singleton;
			sourceTree = "<group>";
		};
		46BDC458273264AE00B489C1 /* Protocol */ = {
			isa = PBXGroup;
			children = (
				46BDC4502732627C00B489C1 /* ProtocolAPIControllerTest.swift */,
			);
			path = Protocol;
			sourceTree = "<group>";
		};
		46BDC459273264B500B489C1 /* Protocol */ = {
			isa = PBXGroup;
			children = (
				46BDC452273262B000B489C1 /* ProtocolAPIController.swift */,
			);
			path = Protocol;
			sourceTree = "<group>";
		};
/* End PBXGroup section */

/* Begin PBXHeadersBuildPhase section */
		46BDC4292732521200B489C1 /* Headers */ = {
			isa = PBXHeadersBuildPhase;
			buildActionMask = 2147483647;
			files = (
			);
			runOnlyForDeploymentPostprocessing = 0;
		};
/* End PBXHeadersBuildPhase section */

/* Begin PBXNativeTarget section */
		46BDC42D2732521200B489C1 /* APIController */ = {
			isa = PBXNativeTarget;
			buildConfigurationList = 46BDC4402732521200B489C1 /* Build configuration list for PBXNativeTarget "APIController" */;
			buildPhases = (
				46BDC4292732521200B489C1 /* Headers */,
				46BDC42A2732521200B489C1 /* Sources */,
				46BDC42B2732521200B489C1 /* Frameworks */,
				46BDC42C2732521200B489C1 /* Resources */,
			);
			buildRules = (
			);
			dependencies = (
			);
			name = APIController;
			productName = APIController;
			productReference = 46BDC42E2732521200B489C1 /* APIController.framework */;
			productType = "com.apple.product-type.framework";
		};
		46BDC4352732521200B489C1 /* APIControllerTests */ = {
			isa = PBXNativeTarget;
			buildConfigurationList = 46BDC4432732521200B489C1 /* Build configuration list for PBXNativeTarget "APIControllerTests" */;
			buildPhases = (
				46BDC4322732521200B489C1 /* Sources */,
				46BDC4332732521200B489C1 /* Frameworks */,
				46BDC4342732521200B489C1 /* Resources */,
			);
			buildRules = (
			);
			dependencies = (
				46BDC4392732521200B489C1 /* PBXTargetDependency */,
			);
			name = APIControllerTests;
			productName = APIControllerTests;
			productReference = 46BDC4362732521200B489C1 /* APIControllerTests.xctest */;
			productType = "com.apple.product-type.bundle.unit-test";
		};
/* End PBXNativeTarget section */

/* Begin PBXProject section */
		46BDC4252732521200B489C1 /* Project object */ = {
			isa = PBXProject;
			attributes = {
				BuildIndependentTargetsInParallel = 1;
				LastSwiftUpdateCheck = 1310;
				LastUpgradeCheck = 1310;
				TargetAttributes = {
					46BDC42D2732521200B489C1 = {
						CreatedOnToolsVersion = 13.1;
						LastSwiftMigration = 1310;
					};
					46BDC4352732521200B489C1 = {
						CreatedOnToolsVersion = 13.1;
						LastSwiftMigration = 1310;
					};
				};
			};
			buildConfigurationList = 46BDC4282732521200B489C1 /* Build configuration list for PBXProject "APIController" */;
			compatibilityVersion = "Xcode 13.0";
			developmentRegion = en;
			hasScannedForEncodings = 0;
			knownRegions = (
				en,
				Base,
			);
			mainGroup = 46BDC4242732521200B489C1;
			productRefGroup = 46BDC42F2732521200B489C1 /* Products */;
			projectDirPath = "";
			projectRoot = "";
			targets = (
				46BDC42D2732521200B489C1 /* APIController */,
				46BDC4352732521200B489C1 /* APIControllerTests */,
			);
		};
/* End PBXProject section */

/* Begin PBXResourcesBuildPhase section */
		46BDC42C2732521200B489C1 /* Resources */ = {
			isa = PBXResourcesBuildPhase;
			buildActionMask = 2147483647;
			files = (
			);
			runOnlyForDeploymentPostprocessing = 0;
		};
		46BDC4342732521200B489C1 /* Resources */ = {
			isa = PBXResourcesBuildPhase;
			buildActionMask = 2147483647;
			files = (
			);
			runOnlyForDeploymentPostprocessing = 0;
		};
/* End PBXResourcesBuildPhase section */

/* Begin PBXSourcesBuildPhase section */
		46BDC42A2732521200B489C1 /* Sources */ = {
			isa = PBXSourcesBuildPhase;
			buildActionMask = 2147483647;
			files = (
				46BDC453273262B000B489C1 /* ProtocolAPIController.swift in Sources */,
				46BDC44B27325D6300B489C1 /* MutableGlobalStapeAPIController.swift in Sources */,
				46BDC4472732523300B489C1 /* SingletonAPIController.swift in Sources */,
			);
			runOnlyForDeploymentPostprocessing = 0;
		};
		46BDC4322732521200B489C1 /* Sources */ = {
			isa = PBXSourcesBuildPhase;
			buildActionMask = 2147483647;
			files = (
				46BDC4512732627C00B489C1 /* ProtocolAPIControllerTest.swift in Sources */,
				46BDC44D27325DBE00B489C1 /* MutableGlobalStateAPIControllerTest.swift in Sources */,
				46BDC4492732526900B489C1 /* SingletonAPIControllerTest.swift in Sources */,
			);
			runOnlyForDeploymentPostprocessing = 0;
		};
/* End PBXSourcesBuildPhase section */

/* Begin PBXTargetDependency section */
		46BDC4392732521200B489C1 /* PBXTargetDependency */ = {
			isa = PBXTargetDependency;
			target = 46BDC42D2732521200B489C1 /* APIController */;
			targetProxy = 46BDC4382732521200B489C1 /* PBXContainerItemProxy */;
		};
/* End PBXTargetDependency section */

/* Begin XCBuildConfiguration section */
		46BDC43E2732521200B489C1 /* Debug */ = {
			isa = XCBuildConfiguration;
			buildSettings = {
				ALWAYS_SEARCH_USER_PATHS = NO;
				CLANG_ANALYZER_NONNULL = YES;
				CLANG_ANALYZER_NUMBER_OBJECT_CONVERSION = YES_AGGRESSIVE;
				CLANG_CXX_LANGUAGE_STANDARD = "gnu++17";
				CLANG_CXX_LIBRARY = "libc++";
				CLANG_ENABLE_MODULES = YES;
				CLANG_ENABLE_OBJC_ARC = YES;
				CLANG_ENABLE_OBJC_WEAK = YES;
				CLANG_WARN_BLOCK_CAPTURE_AUTORELEASING = YES;
				CLANG_WARN_BOOL_CONVERSION = YES;
				CLANG_WARN_COMMA = YES;
				CLANG_WARN_CONSTANT_CONVERSION = YES;
				CLANG_WARN_DEPRECATED_OBJC_IMPLEMENTATIONS = YES;
				CLANG_WARN_DIRECT_OBJC_ISA_USAGE = YES_ERROR;
				CLANG_WARN_DOCUMENTATION_COMMENTS = YES;
				CLANG_WARN_EMPTY_BODY = YES;
				CLANG_WARN_ENUM_CONVERSION = YES;
				CLANG_WARN_INFINITE_RECURSION = YES;
				CLANG_WARN_INT_CONVERSION = YES;
				CLANG_WARN_NON_LITERAL_NULL_CONVERSION = YES;
				CLANG_WARN_OBJC_IMPLICIT_RETAIN_SELF = YES;
				CLANG_WARN_OBJC_LITERAL_CONVERSION = YES;
				CLANG_WARN_OBJC_ROOT_CLASS = YES_ERROR;
				CLANG_WARN_QUOTED_INCLUDE_IN_FRAMEWORK_HEADER = YES;
				CLANG_WARN_RANGE_LOOP_ANALYSIS = YES;
				CLANG_WARN_STRICT_PROTOTYPES = YES;
				CLANG_WARN_SUSPICIOUS_MOVE = YES;
				CLANG_WARN_UNGUARDED_AVAILABILITY = YES_AGGRESSIVE;
				CLANG_WARN_UNREACHABLE_CODE = YES;
				CLANG_WARN__DUPLICATE_METHOD_MATCH = YES;
				COPY_PHASE_STRIP = NO;
				CURRENT_PROJECT_VERSION = 1;
				DEBUG_INFORMATION_FORMAT = dwarf;
				ENABLE_STRICT_OBJC_MSGSEND = YES;
				ENABLE_TESTABILITY = YES;
				GCC_C_LANGUAGE_STANDARD = gnu11;
				GCC_DYNAMIC_NO_PIC = NO;
				GCC_NO_COMMON_BLOCKS = YES;
				GCC_OPTIMIZATION_LEVEL = 0;
				GCC_PREPROCESSOR_DEFINITIONS = (
					"DEBUG=1",
					"$(inherited)",
				);
				GCC_WARN_64_TO_32_BIT_CONVERSION = YES;
				GCC_WARN_ABOUT_RETURN_TYPE = YES_ERROR;
				GCC_WARN_UNDECLARED_SELECTOR = YES;
				GCC_WARN_UNINITIALIZED_AUTOS = YES_AGGRESSIVE;
				GCC_WARN_UNUSED_FUNCTION = YES;
				GCC_WARN_UNUSED_VARIABLE = YES;
				MACOSX_DEPLOYMENT_TARGET = 11.6;
				MTL_ENABLE_DEBUG_INFO = INCLUDE_SOURCE;
				MTL_FAST_MATH = YES;
				ONLY_ACTIVE_ARCH = YES;
				SDKROOT = macosx;
				SWIFT_ACTIVE_COMPILATION_CONDITIONS = DEBUG;
				SWIFT_OPTIMIZATION_LEVEL = "-Onone";
				VERSIONING_SYSTEM = "apple-generic";
				VERSION_INFO_PREFIX = "";
			};
			name = Debug;
		};
		46BDC43F2732521200B489C1 /* Release */ = {
			isa = XCBuildConfiguration;
			buildSettings = {
				ALWAYS_SEARCH_USER_PATHS = NO;
				CLANG_ANALYZER_NONNULL = YES;
				CLANG_ANALYZER_NUMBER_OBJECT_CONVERSION = YES_AGGRESSIVE;
				CLANG_CXX_LANGUAGE_STANDARD = "gnu++17";
				CLANG_CXX_LIBRARY = "libc++";
				CLANG_ENABLE_MODULES = YES;
				CLANG_ENABLE_OBJC_ARC = YES;
				CLANG_ENABLE_OBJC_WEAK = YES;
				CLANG_WARN_BLOCK_CAPTURE_AUTORELEASING = YES;
				CLANG_WARN_BOOL_CONVERSION = YES;
				CLANG_WARN_COMMA = YES;
				CLANG_WARN_CONSTANT_CONVERSION = YES;
				CLANG_WARN_DEPRECATED_OBJC_IMPLEMENTATIONS = YES;
				CLANG_WARN_DIRECT_OBJC_ISA_USAGE = YES_ERROR;
				CLANG_WARN_DOCUMENTATION_COMMENTS = YES;
				CLANG_WARN_EMPTY_BODY = YES;
				CLANG_WARN_ENUM_CONVERSION = YES;
				CLANG_WARN_INFINITE_RECURSION = YES;
				CLANG_WARN_INT_CONVERSION = YES;
				CLANG_WARN_NON_LITERAL_NULL_CONVERSION = YES;
				CLANG_WARN_OBJC_IMPLICIT_RETAIN_SELF = YES;
				CLANG_WARN_OBJC_LITERAL_CONVERSION = YES;
				CLANG_WARN_OBJC_ROOT_CLASS = YES_ERROR;
				CLANG_WARN_QUOTED_INCLUDE_IN_FRAMEWORK_HEADER = YES;
				CLANG_WARN_RANGE_LOOP_ANALYSIS = YES;
				CLANG_WARN_STRICT_PROTOTYPES = YES;
				CLANG_WARN_SUSPICIOUS_MOVE = YES;
				CLANG_WARN_UNGUARDED_AVAILABILITY = YES_AGGRESSIVE;
				CLANG_WARN_UNREACHABLE_CODE = YES;
				CLANG_WARN__DUPLICATE_METHOD_MATCH = YES;
				COPY_PHASE_STRIP = NO;
				CURRENT_PROJECT_VERSION = 1;
				DEBUG_INFORMATION_FORMAT = "dwarf-with-dsym";
				ENABLE_NS_ASSERTIONS = NO;
				ENABLE_STRICT_OBJC_MSGSEND = YES;
				GCC_C_LANGUAGE_STANDARD = gnu11;
				GCC_NO_COMMON_BLOCKS = YES;
				GCC_WARN_64_TO_32_BIT_CONVERSION = YES;
				GCC_WARN_ABOUT_RETURN_TYPE = YES_ERROR;
				GCC_WARN_UNDECLARED_SELECTOR = YES;
				GCC_WARN_UNINITIALIZED_AUTOS = YES_AGGRESSIVE;
				GCC_WARN_UNUSED_FUNCTION = YES;
				GCC_WARN_UNUSED_VARIABLE = YES;
				MACOSX_DEPLOYMENT_TARGET = 11.6;
				MTL_ENABLE_DEBUG_INFO = NO;
				MTL_FAST_MATH = YES;
				SDKROOT = macosx;
				SWIFT_COMPILATION_MODE = wholemodule;
				SWIFT_OPTIMIZATION_LEVEL = "-O";
				VERSIONING_SYSTEM = "apple-generic";
				VERSION_INFO_PREFIX = "";
			};
			name = Release;
		};
		46BDC4412732521200B489C1 /* Debug */ = {
			isa = XCBuildConfiguration;
			buildSettings = {
				CLANG_ENABLE_MODULES = YES;
				CODE_SIGN_STYLE = Automatic;
				COMBINE_HIDPI_IMAGES = YES;
				CURRENT_PROJECT_VERSION = 1;
				DEFINES_MODULE = YES;
				DEVELOPMENT_TEAM = GB5Q295YX5;
				DYLIB_COMPATIBILITY_VERSION = 1;
				DYLIB_CURRENT_VERSION = 1;
				DYLIB_INSTALL_NAME_BASE = "@rpath";
				GENERATE_INFOPLIST_FILE = YES;
				INFOPLIST_KEY_NSHumanReadableCopyright = "";
				INSTALL_PATH = "$(LOCAL_LIBRARY_DIR)/Frameworks";
				LD_RUNPATH_SEARCH_PATHS = (
					"$(inherited)",
					"@executable_path/../Frameworks",
					"@loader_path/Frameworks",
				);
				MARKETING_VERSION = 1.0;
				PRODUCT_BUNDLE_IDENTIFIER = com.christophebugnon.APIController;
				PRODUCT_NAME = "$(TARGET_NAME:c99extidentifier)";
				SKIP_INSTALL = YES;
				SWIFT_EMIT_LOC_STRINGS = YES;
				SWIFT_OPTIMIZATION_LEVEL = "-Onone";
				SWIFT_VERSION = 5.0;
			};
			name = Debug;
		};
		46BDC4422732521200B489C1 /* Release */ = {
			isa = XCBuildConfiguration;
			buildSettings = {
				CLANG_ENABLE_MODULES = YES;
				CODE_SIGN_STYLE = Automatic;
				COMBINE_HIDPI_IMAGES = YES;
				CURRENT_PROJECT_VERSION = 1;
				DEFINES_MODULE = YES;
				DEVELOPMENT_TEAM = GB5Q295YX5;
				DYLIB_COMPATIBILITY_VERSION = 1;
				DYLIB_CURRENT_VERSION = 1;
				DYLIB_INSTALL_NAME_BASE = "@rpath";
				GENERATE_INFOPLIST_FILE = YES;
				INFOPLIST_KEY_NSHumanReadableCopyright = "";
				INSTALL_PATH = "$(LOCAL_LIBRARY_DIR)/Frameworks";
				LD_RUNPATH_SEARCH_PATHS = (
					"$(inherited)",
					"@executable_path/../Frameworks",
					"@loader_path/Frameworks",
				);
				MARKETING_VERSION = 1.0;
				PRODUCT_BUNDLE_IDENTIFIER = com.christophebugnon.APIController;
				PRODUCT_NAME = "$(TARGET_NAME:c99extidentifier)";
				SKIP_INSTALL = YES;
				SWIFT_EMIT_LOC_STRINGS = YES;
				SWIFT_VERSION = 5.0;
			};
			name = Release;
		};
		46BDC4442732521200B489C1 /* Debug */ = {
			isa = XCBuildConfiguration;
			buildSettings = {
				ALWAYS_EMBED_SWIFT_STANDARD_LIBRARIES = YES;
				CLANG_ENABLE_MODULES = YES;
				CODE_SIGN_STYLE = Automatic;
				COMBINE_HIDPI_IMAGES = YES;
				CURRENT_PROJECT_VERSION = 1;
				DEVELOPMENT_TEAM = GB5Q295YX5;
				GENERATE_INFOPLIST_FILE = YES;
				LD_RUNPATH_SEARCH_PATHS = (
					"$(inherited)",
					"@executable_path/../Frameworks",
					"@loader_path/../Frameworks",
				);
				MARKETING_VERSION = 1.0;
				PRODUCT_BUNDLE_IDENTIFIER = com.christophebugnon.APIControllerTests;
				PRODUCT_NAME = "$(TARGET_NAME)";
				SWIFT_EMIT_LOC_STRINGS = NO;
				SWIFT_OPTIMIZATION_LEVEL = "-Onone";
				SWIFT_VERSION = 5.0;
			};
			name = Debug;
		};
		46BDC4452732521200B489C1 /* Release */ = {
			isa = XCBuildConfiguration;
			buildSettings = {
				ALWAYS_EMBED_SWIFT_STANDARD_LIBRARIES = YES;
				CLANG_ENABLE_MODULES = YES;
				CODE_SIGN_STYLE = Automatic;
				COMBINE_HIDPI_IMAGES = YES;
				CURRENT_PROJECT_VERSION = 1;
				DEVELOPMENT_TEAM = GB5Q295YX5;
				GENERATE_INFOPLIST_FILE = YES;
				LD_RUNPATH_SEARCH_PATHS = (
					"$(inherited)",
					"@executable_path/../Frameworks",
					"@loader_path/../Frameworks",
				);
				MARKETING_VERSION = 1.0;
				PRODUCT_BUNDLE_IDENTIFIER = com.christophebugnon.APIControllerTests;
				PRODUCT_NAME = "$(TARGET_NAME)";
				SWIFT_EMIT_LOC_STRINGS = NO;
				SWIFT_VERSION = 5.0;
			};
			name = Release;
		};
/* End XCBuildConfiguration section */

/* Begin XCConfigurationList section */
		46BDC4282732521200B489C1 /* Build configuration list for PBXProject "APIController" */ = {
			isa = XCConfigurationList;
			buildConfigurations = (
				46BDC43E2732521200B489C1 /* Debug */,
				46BDC43F2732521200B489C1 /* Release */,
			);
			defaultConfigurationIsVisible = 0;
			defaultConfigurationName = Release;
		};
		46BDC4402732521200B489C1 /* Build configuration list for PBXNativeTarget "APIController" */ = {
			isa = XCConfigurationList;
			buildConfigurations = (
				46BDC4412732521200B489C1 /* Debug */,
				46BDC4422732521200B489C1 /* Release */,
			);
			defaultConfigurationIsVisible = 0;
			defaultConfigurationName = Release;
		};
		46BDC4432732521200B489C1 /* Build configuration list for PBXNativeTarget "APIControllerTests" */ = {
			isa = XCConfigurationList;
			buildConfigurations = (
				46BDC4442732521200B489C1 /* Debug */,
				46BDC4452732521200B489C1 /* Release */,
			);
			defaultConfigurationIsVisible = 0;
			defaultConfigurationName = Release;
		};
/* End XCConfigurationList section */
	};
	rootObject = 46BDC4252732521200B489C1 /* Project object */;
}
